PODS:
  - Alamofire (4.8.2)
  - ObjectMapper (3.5.0)
  - Reusable (4.1.0):
    - Reusable/Storyboard (= 4.1.0)
    - Reusable/View (= 4.1.0)
  - Reusable/Storyboard (4.1.0)
  - Reusable/View (4.1.0)
  - Then (2.5.0)

DEPENDENCIES:
  - Alamofire
  - ObjectMapper
  - Reusable
  - Then

SPEC REPOS:
  https://github.com/cocoapods/specs.git:
    - Alamofire
    - ObjectMapper
    - Reusable
    - Then

SPEC CHECKSUMS:
  Alamofire: ae5c501addb7afdbb13687d7f2f722c78734c2d3
  ObjectMapper: 078b564ed25c6578b62588e306bf1da3924636d4
  Reusable: 82be188f29d96dc5eff0db7b2393bcc08d2cdd5b
  Then: 0157115e883545c77967b452fe74a1d25fb796e1

PODFILE CHECKSUM: 64c1754b708ff3d49d2a1ba3ea4576c6b0ec1dc1

COCOAPODS: 1.7.2
